{
  "requires": true,
  "lockfileVersion": 1,
  "dependencies": {
    "@ionic/core": {
      "version": "6.0.3",
      "resolved": "https://registry.npmjs.org/@ionic/core/-/core-6.0.3.tgz",
      "integrity": "sha512-eH2pk34owVuUUb5liNR+hQEaUIYYy2EKBZXtb7+eDOvXzEO4nnQHZpIVvyESeA9YNYKJm8YUFWKt5vgaL4u8cA==",
      "requires": {
        "@stencil/core": "~2.12.0",
        "ionicons": "^6.0.0",
        "tslib": "^2.1.0"
      }
    },
    "@ionic/pwa-elements": {
      "version": "3.1.1",
      "resolved": "https://registry.npmjs.org/@ionic/pwa-elements/-/pwa-elements-3.1.1.tgz",
      "integrity": "sha512-BoEX1pSrKn5dP4VQwaf8DweAmT4ynmpW+9f6oj/W1xLe54bmuXcUY07ziuZX1DLu50xHSYcO5qJ/dbYC/w6wgA=="
    },
    "@ionic/react": {
      "version": "6.0.3",
      "resolved": "https://registry.npmjs.org/@ionic/react/-/react-6.0.3.tgz",
      "integrity": "sha512-URVJ80D5JEcwXk2eeNdIKaHypxabxcd0DfAfou5keucNfgBIQlUxrSBN5sc0I6WIAQ6KLHPO8+qCn/t6HYP/rw==",
      "requires": {
        "@ionic/core": "^6.0.3",
        "ionicons": "^6.0.0",
        "tslib": "*"
      }
    },
    "@stencil/core": {
      "version": "2.12.1",
      "resolved": "https://registry.npmjs.org/@stencil/core/-/core-2.12.1.tgz",
      "integrity": "sha512-u24TZ+FEvjnZt5ZgIkLjLpUNsO6Ml3mUZqwmqk81w6RWWz75hgB5p4RFI5rvuErFeh2xvMIGo+pNdG24XUBz1A=="
    },
    "ionicons": {
      "version": "6.0.1",
      "resolved": "https://registry.npmjs.org/ionicons/-/ionicons-6.0.1.tgz",
      "integrity": "sha512-xQekOJsxH82O7oB+3F60zeRggCdND9pJ/k0E6IJDVUGGlCj5mlyFqNgxUimytKgstPGv3S+3EmCxjefvtGgWUg==",
      "requires": {
        "@stencil/core": "~2.12.0"
      }
    },
    "tslib": {
      "version": "2.3.1",
      "resolved": "https://registry.npmjs.org/tslib/-/tslib-2.3.1.tgz",
      "integrity": "sha512-77EbyPPpMz+FRFRuAFlWMtmgUWGe9UOG2Z25NqCwiIjRhOf5iKGuzSe5P2w1laq+FkRy4p+PCuVkJSGkzTEKVw=="
    }
  }
}
